{
  "nodes": {
    "flake-utils": {
      "inputs": {
        "systems": "systems"
      },
      "locked": {
        "lastModified": 1731533236,
        "narHash": "sha256-l0KFg5HjrsfsO/JpG+r7fRrqm12kzFHyUHqHCVpMMbI=",
        "owner": "numtide",
        "repo": "flake-utils",
        "rev": "11707dc2f618dd54ca8739b309ec4fc024de578b",
        "type": "github"
      },
      "original": {
        "owner": "numtide",
        "repo": "flake-utils",
        "type": "github"
      }
    },
    "nixpkgs": {
      "locked": {
        "lastModified": 1734323986,
        "narHash": "sha256-m/lh6hYMIWDYHCAsn81CDAiXoT3gmxXI9J987W5tZrE=",
        "owner": "nixos",
        "repo": "nixpkgs",
        "rev": "394571358ce82dff7411395829aa6a3aad45b907",
        "type": "github"
      },
      "original": {
        "owner": "nixos",
        "ref": "nixos-24.11",
        "repo": "nixpkgs",
        "type": "github"
      }
    },
    "root": {
      "inputs": {
        "flake-utils": "flake-utils",
        "nixpkgs": "nixpkgs",
        "typix": "typix",
        "typst-packages": "typst-packages"
      }
    },
    "systems": {
      "locked": {
        "lastModified": 1681028828,
        "narHash": "sha256-Vy1rq5AaRuLzOxct8nz4T6wlgyUR7zLU309k9mBC768=",
        "owner": "nix-systems",
        "repo": "default",
        "rev": "da67096a3b9bf56a91d16901293e51ba5b49a27e",
        "type": "github"
      },
      "original": {
        "owner": "nix-systems",
        "repo": "default",
        "type": "github"
      }
    },
    "typix": {
      "inputs": {
        "nixpkgs": [
          "nixpkgs"
        ]
      },
      "locked": {
        "lastModified": 1733561124,
        "narHash": "sha256-dzVieKkmZ4sukvGj4M/zx4g57Wp6pt0un6FbQ1JJNR4=",
        "owner": "loqusion",
        "repo": "typix",
        "rev": "3de6c20903c66ebdad236fea856a7957a82a32c9",
        "type": "github"
      },
      "original": {
        "owner": "loqusion",
        "repo": "typix",
        "type": "github"
      }
    },
    "typst-packages": {
      "flake": false,
      "locked": {
        "lastModified": 1734426872,
        "narHash": "sha256-eL6vfQiw7NHjsghCc5kVX3ku5umQpJeMdAXQTHxvKg4=",
        "owner": "typst",
        "repo": "packages",
        "rev": "b52a9d08bbd1692fad053480412ab1ed3dc9e3dc",
        "type": "github"
      },
      "original": {
        "owner": "typst",
        "repo": "packages",
        "type": "github"
      }
    }
  },
  "root": "root",
  "version": 7
}
